
Microsoft Visual Studio Solution File, Format Version 12.00
# Visual Studio Version 17
VisualStudioVersion = 17.12.35527.113 d17.12
MinimumVisualStudioVersion = 10.0.40219.1
Project("{FAE04EC0-301F-11D3-BF4B-00C04F79EFBC}") = "SFTPOut_Listener", "SFTPOut_Listener\SFTPOut_Listener.csproj", "{EF758973-12EE-47F3-AAD7-AD0BA36B437B}"
EndProject
Global
	GlobalSection(SolutionConfigurationPlatforms) = preSolution
		Debug|Any CPU = Debug|Any CPU
		Release|Any CPU = Release|Any CPU
	EndGlobalSection
	GlobalSection(ProjectConfigurationPlatforms) = postSolution
		{EF758973-12EE-47F3-AAD7-AD0BA36B437B}.Debug|Any CPU.ActiveCfg = Debug|Any CPU
		{EF758973-12EE-47F3-AAD7-AD0BA36B437B}.Debug|Any CPU.Build.0 = Debug|Any CPU
		{EF758973-12EE-47F3-AAD7-AD0BA36B437B}.Release|Any CPU.ActiveCfg = Release|Any CPU
		{EF758973-12EE-47F3-AAD7-AD0BA36B437B}.Release|Any CPU.Build.0 = Release|Any CPU
	EndGlobalSection
	GlobalSection(SolutionProperties) = preSolution
		HideSolutionNode = FALSE
	EndGlobalSection
EndGlobal
